
Microsoft Visual Studio Solution File, Format Version 12.00
# Visual Studio Version 17
VisualStudioVersion = 17.2.32516.85
MinimumVisualStudioVersion = 10.0.40219.1
Project("{8BC9CEB8-8B4A-11D0-8D11-00A0C91BC942}") = "Set", "Set\Set.vcxproj", "{4889BF11-C752-4890-9604-67DDE2FA9576}"
EndProject
Global
	GlobalSection(SolutionConfigurationPlatforms) = preSolution
		Debug|x64 = Debug|x64
		Debug|x86 = Debug|x86
		Release|x64 = Release|x64
		Release|x86 = Release|x86
	EndGlobalSection
	GlobalSection(ProjectConfigurationPlatforms) = postSolution
		{4889BF11-C752-4890-9604-67DDE2FA9576}.Debug|x64.ActiveCfg = Debug|x64
		{4889BF11-C752-4890-9604-67DDE2FA9576}.Debug|x64.Build.0 = Debug|x64
		{4889BF11-C752-4890-9604-67DDE2FA9576}.Debug|x86.ActiveCfg = Debug|Win32
		{4889BF11-C752-4890-9604-67DDE2FA9576}.Debug|x86.Build.0 = Debug|Win32
		{4889BF11-C752-4890-9604-67DDE2FA9576}.Release|x64.ActiveCfg = Release|x64
		{4889BF11-C752-4890-9604-67DDE2FA9576}.Release|x64.Build.0 = Release|x64
		{4889BF11-C752-4890-9604-67DDE2FA9576}.Release|x86.ActiveCfg = Release|Win32
		{4889BF11-C752-4890-9604-67DDE2FA9576}.Release|x86.Build.0 = Release|Win32
	EndGlobalSection
	GlobalSection(SolutionProperties) = preSolution
		HideSolutionNode = FALSE
	EndGlobalSection
	GlobalSection(ExtensibilityGlobals) = postSolution
		SolutionGuid = {D2E817D9-5765-46DA-B60D-CE1631BA82F4}
	EndGlobalSection
EndGlobal
