
Microsoft Visual Studio Solution File, Format Version 12.00
# Visual Studio Version 17
VisualStudioVersion = 17.2.32516.85
MinimumVisualStudioVersion = 10.0.40219.1
Project("{8BC9CEB8-8B4A-11D0-8D11-00A0C91BC942}") = "asm_3_1", "asm_3_1\asm_3_1.vcxproj", "{6025DAE9-75C8-4C29-BF61-3748E2FC6A10}"
EndProject
Global
	GlobalSection(SolutionConfigurationPlatforms) = preSolution
		Debug|x64 = Debug|x64
		Debug|x86 = Debug|x86
		Release|x64 = Release|x64
		Release|x86 = Release|x86
	EndGlobalSection
	GlobalSection(ProjectConfigurationPlatforms) = postSolution
		{6025DAE9-75C8-4C29-BF61-3748E2FC6A10}.Debug|x64.ActiveCfg = Debug|x64
		{6025DAE9-75C8-4C29-BF61-3748E2FC6A10}.Debug|x64.Build.0 = Debug|x64
		{6025DAE9-75C8-4C29-BF61-3748E2FC6A10}.Debug|x86.ActiveCfg = Debug|Win32
		{6025DAE9-75C8-4C29-BF61-3748E2FC6A10}.Debug|x86.Build.0 = Debug|Win32
		{6025DAE9-75C8-4C29-BF61-3748E2FC6A10}.Release|x64.ActiveCfg = Release|x64
		{6025DAE9-75C8-4C29-BF61-3748E2FC6A10}.Release|x64.Build.0 = Release|x64
		{6025DAE9-75C8-4C29-BF61-3748E2FC6A10}.Release|x86.ActiveCfg = Release|Win32
		{6025DAE9-75C8-4C29-BF61-3748E2FC6A10}.Release|x86.Build.0 = Release|Win32
	EndGlobalSection
	GlobalSection(SolutionProperties) = preSolution
		HideSolutionNode = FALSE
	EndGlobalSection
	GlobalSection(ExtensibilityGlobals) = postSolution
		SolutionGuid = {B371495B-74CB-4CA1-95E8-ADB3B3452E36}
	EndGlobalSection
EndGlobal
